{
  "nodes": {
    "crane": {
      "inputs": {
        "nixpkgs": [
          "nixpkgs"
        ]
      },
      "locked": {
        "lastModified": 1713459701,
        "narHash": "sha256-LjQ11ASxnv/FXfb8QnrIyMkyqSqcBPX+lFK8gu0jSQE=",
        "owner": "ipetkov",
        "repo": "crane",
        "rev": "45ea0059fb325132fdc3c39faffb0941d25d08d3",
        "type": "github"
      },
      "original": {
        "owner": "ipetkov",
        "repo": "crane",
        "type": "github"
      }
    },
    "nixpkgs": {
      "locked": {
        "lastModified": 1721080040,
        "narHash": "sha256-USDsS90/88RJibP3gEcH1AaVt+JpnX4XCUD9bAJP5I4=",
        "owner": "NixOS",
        "repo": "nixpkgs",
        "rev": "b2c1f10bfbb3f617ea8e8669ac13f3f56ceb2ea2",
        "type": "github"
      },
      "original": {
        "owner": "NixOS",
        "repo": "nixpkgs",
        "rev": "b2c1f10bfbb3f617ea8e8669ac13f3f56ceb2ea2",
        "type": "github"
      }
    },
    "root": {
      "inputs": {
        "crane": "crane",
        "nixpkgs": "nixpkgs",
        "rust-overlay": "rust-overlay"
      }
    },
    "rust-overlay": {
      "inputs": {
        "nixpkgs": [
          "nixpkgs"
        ]
      },
      "locked": {
        "lastModified": 1731119076,
        "narHash": "sha256-2eVhmocCZHJlFAz6Mt3EwPdFFVAtGgIySJc1EHQVxcc=",
        "owner": "oxalica",
        "repo": "rust-overlay",
        "rev": "23c4b3ba5f806fcf25d5a3b6b54fa0d07854c032",
        "type": "github"
      },
      "original": {
        "owner": "oxalica",
        "repo": "rust-overlay",
        "type": "github"
      }
    }
  },
  "root": "root",
  "version": 7
}
